
Microsoft Visual Studio Solution File, Format Version 12.00
# Visual Studio Version 16
VisualStudioVersion = 16.0.29509.3
MinimumVisualStudioVersion = 10.0.40219.1
Project("{FAE04EC0-301F-11D3-BF4B-00C04F79EFBC}") = "Web", "Web\Web.csproj", "{FCE0A4EB-222F-47AC-BC02-9341E8402C3D}"
EndProject
Project("{FAE04EC0-301F-11D3-BF4B-00C04F79EFBC}") = "DAL", "DAL\DAL.csproj", "{56879A2B-AFAF-4A71-85A3-4453559862C4}"
EndProject
Project("{FAE04EC0-301F-11D3-BF4B-00C04F79EFBC}") = "BBL", "BBL\BBL.csproj", "{CD2377C0-5949-4C2F-963E-00336436F3A5}"
EndProject
Project("{FAE04EC0-301F-11D3-BF4B-00C04F79EFBC}") = "Tools", "Tools\Tools.csproj", "{E4B9AF84-819B-4703-B644-891ADA0B4505}"
EndProject
Global
	GlobalSection(SolutionConfigurationPlatforms) = preSolution
		Debug|Any CPU = Debug|Any CPU
		Release|Any CPU = Release|Any CPU
	EndGlobalSection
	GlobalSection(ProjectConfigurationPlatforms) = postSolution
		{FCE0A4EB-222F-47AC-BC02-9341E8402C3D}.Debug|Any CPU.ActiveCfg = Debug|Any CPU
		{FCE0A4EB-222F-47AC-BC02-9341E8402C3D}.Debug|Any CPU.Build.0 = Debug|Any CPU
		{FCE0A4EB-222F-47AC-BC02-9341E8402C3D}.Release|Any CPU.ActiveCfg = Release|Any CPU
		{FCE0A4EB-222F-47AC-BC02-9341E8402C3D}.Release|Any CPU.Build.0 = Release|Any CPU
		{56879A2B-AFAF-4A71-85A3-4453559862C4}.Debug|Any CPU.ActiveCfg = Debug|Any CPU
		{56879A2B-AFAF-4A71-85A3-4453559862C4}.Debug|Any CPU.Build.0 = Debug|Any CPU
		{56879A2B-AFAF-4A71-85A3-4453559862C4}.Release|Any CPU.ActiveCfg = Release|Any CPU
		{56879A2B-AFAF-4A71-85A3-4453559862C4}.Release|Any CPU.Build.0 = Release|Any CPU
		{CD2377C0-5949-4C2F-963E-00336436F3A5}.Debug|Any CPU.ActiveCfg = Debug|Any CPU
		{CD2377C0-5949-4C2F-963E-00336436F3A5}.Debug|Any CPU.Build.0 = Debug|Any CPU
		{CD2377C0-5949-4C2F-963E-00336436F3A5}.Release|Any CPU.ActiveCfg = Release|Any CPU
		{CD2377C0-5949-4C2F-963E-00336436F3A5}.Release|Any CPU.Build.0 = Release|Any CPU
		{E4B9AF84-819B-4703-B644-891ADA0B4505}.Debug|Any CPU.ActiveCfg = Debug|Any CPU
		{E4B9AF84-819B-4703-B644-891ADA0B4505}.Debug|Any CPU.Build.0 = Debug|Any CPU
		{E4B9AF84-819B-4703-B644-891ADA0B4505}.Release|Any CPU.ActiveCfg = Release|Any CPU
		{E4B9AF84-819B-4703-B644-891ADA0B4505}.Release|Any CPU.Build.0 = Release|Any CPU
	EndGlobalSection
	GlobalSection(SolutionProperties) = preSolution
		HideSolutionNode = FALSE
	EndGlobalSection
	GlobalSection(ExtensibilityGlobals) = postSolution
		SolutionGuid = {C901215E-6D53-4422-BEF5-0B681C65866A}
	EndGlobalSection
EndGlobal
